
Microsoft Visual Studio Solution File, Format Version 12.00
# Visual Studio 2013
VisualStudioVersion = 12.0.30110.0
MinimumVisualStudioVersion = 10.0.40219.1
Project("{FAE04EC0-301F-11D3-BF4B-00C04F79EFBC}") = "DataProfiler", "DataProfiler\DataProfiler.csproj", "{0DB78037-C977-4BC7-9F6A-2F41509BDA03}"
EndProject
Project("{2150E333-8FDC-42A3-9474-1A3956D46DE8}") = "Assemblies", "Assemblies", "{7AB677D9-B137-43E9-948D-14CDB0DBEB4D}"
	ProjectSection(SolutionItems) = preProject
		Assemblies\JunkDrawer.dll = Assemblies\JunkDrawer.dll
		Assemblies\Transformalize.dll = Assemblies\Transformalize.dll
	EndProjectSection
EndProject
Project("{FAE04EC0-301F-11D3-BF4B-00C04F79EFBC}") = "Test", "Test\Test.csproj", "{7BB13D60-B696-40AB-AEED-C6EFE25E67D0}"
EndProject
Project("{FAE04EC0-301F-11D3-BF4B-00C04F79EFBC}") = "Console", "Console\Console.csproj", "{F79AB8D9-353B-407F-866A-6A498A0F188E}"
EndProject
Global
	GlobalSection(SolutionConfigurationPlatforms) = preSolution
		Debug|Any CPU = Debug|Any CPU
		Debug|x64 = Debug|x64
		Debug|x86 = Debug|x86
		Release|Any CPU = Release|Any CPU
		Release|x64 = Release|x64
		Release|x86 = Release|x86
	EndGlobalSection
	GlobalSection(ProjectConfigurationPlatforms) = postSolution
		{0DB78037-C977-4BC7-9F6A-2F41509BDA03}.Debug|Any CPU.ActiveCfg = Debug|Any CPU
		{0DB78037-C977-4BC7-9F6A-2F41509BDA03}.Debug|Any CPU.Build.0 = Debug|Any CPU
		{0DB78037-C977-4BC7-9F6A-2F41509BDA03}.Debug|x64.ActiveCfg = Debug|Any CPU
		{0DB78037-C977-4BC7-9F6A-2F41509BDA03}.Debug|x64.Build.0 = Debug|Any CPU
		{0DB78037-C977-4BC7-9F6A-2F41509BDA03}.Debug|x86.ActiveCfg = Debug|Any CPU
		{0DB78037-C977-4BC7-9F6A-2F41509BDA03}.Debug|x86.Build.0 = Debug|Any CPU
		{0DB78037-C977-4BC7-9F6A-2F41509BDA03}.Release|Any CPU.ActiveCfg = Release|Any CPU
		{0DB78037-C977-4BC7-9F6A-2F41509BDA03}.Release|Any CPU.Build.0 = Release|Any CPU
		{0DB78037-C977-4BC7-9F6A-2F41509BDA03}.Release|x64.ActiveCfg = Release|x64
		{0DB78037-C977-4BC7-9F6A-2F41509BDA03}.Release|x64.Build.0 = Release|x64
		{0DB78037-C977-4BC7-9F6A-2F41509BDA03}.Release|x86.ActiveCfg = Release|x86
		{0DB78037-C977-4BC7-9F6A-2F41509BDA03}.Release|x86.Build.0 = Release|x86
		{7BB13D60-B696-40AB-AEED-C6EFE25E67D0}.Debug|Any CPU.ActiveCfg = Debug|Any CPU
		{7BB13D60-B696-40AB-AEED-C6EFE25E67D0}.Debug|Any CPU.Build.0 = Debug|Any CPU
		{7BB13D60-B696-40AB-AEED-C6EFE25E67D0}.Debug|x64.ActiveCfg = Debug|Any CPU
		{7BB13D60-B696-40AB-AEED-C6EFE25E67D0}.Debug|x64.Build.0 = Debug|Any CPU
		{7BB13D60-B696-40AB-AEED-C6EFE25E67D0}.Debug|x86.ActiveCfg = Debug|Any CPU
		{7BB13D60-B696-40AB-AEED-C6EFE25E67D0}.Debug|x86.Build.0 = Debug|Any CPU
		{7BB13D60-B696-40AB-AEED-C6EFE25E67D0}.Release|Any CPU.ActiveCfg = Release|Any CPU
		{7BB13D60-B696-40AB-AEED-C6EFE25E67D0}.Release|Any CPU.Build.0 = Release|Any CPU
		{7BB13D60-B696-40AB-AEED-C6EFE25E67D0}.Release|x64.ActiveCfg = Release|x64
		{7BB13D60-B696-40AB-AEED-C6EFE25E67D0}.Release|x64.Build.0 = Release|x64
		{7BB13D60-B696-40AB-AEED-C6EFE25E67D0}.Release|x86.ActiveCfg = Release|x86
		{7BB13D60-B696-40AB-AEED-C6EFE25E67D0}.Release|x86.Build.0 = Release|x86
		{F79AB8D9-353B-407F-866A-6A498A0F188E}.Debug|Any CPU.ActiveCfg = Debug|Any CPU
		{F79AB8D9-353B-407F-866A-6A498A0F188E}.Debug|Any CPU.Build.0 = Debug|Any CPU
		{F79AB8D9-353B-407F-866A-6A498A0F188E}.Debug|x64.ActiveCfg = Debug|x64
		{F79AB8D9-353B-407F-866A-6A498A0F188E}.Debug|x64.Build.0 = Debug|x64
		{F79AB8D9-353B-407F-866A-6A498A0F188E}.Debug|x86.ActiveCfg = Debug|x86
		{F79AB8D9-353B-407F-866A-6A498A0F188E}.Debug|x86.Build.0 = Debug|x86
		{F79AB8D9-353B-407F-866A-6A498A0F188E}.Release|Any CPU.ActiveCfg = Release|Any CPU
		{F79AB8D9-353B-407F-866A-6A498A0F188E}.Release|Any CPU.Build.0 = Release|Any CPU
		{F79AB8D9-353B-407F-866A-6A498A0F188E}.Release|x64.ActiveCfg = Release|x64
		{F79AB8D9-353B-407F-866A-6A498A0F188E}.Release|x64.Build.0 = Release|x64
		{F79AB8D9-353B-407F-866A-6A498A0F188E}.Release|x86.ActiveCfg = Release|x86
		{F79AB8D9-353B-407F-866A-6A498A0F188E}.Release|x86.Build.0 = Release|x86
	EndGlobalSection
	GlobalSection(SolutionProperties) = preSolution
		HideSolutionNode = FALSE
	EndGlobalSection
EndGlobal
