
Microsoft Visual Studio Solution File, Format Version 12.00
# Visual Studio Version 17
VisualStudioVersion = 17.13.35931.197 d17.13
MinimumVisualStudioVersion = 10.0.40219.1
Project("{2150E333-8FDC-42A3-9474-1A3956D46DE8}") = "Solution Items", "Solution Items", "{9C3424D7-2019-4FDB-8FBE-301D65383F4E}"
	ProjectSection(SolutionItems) = preProject
		docker.sh = docker.sh
		README.md = README.md
	EndProjectSection
EndProject
Project("{2150E333-8FDC-42A3-9474-1A3956D46DE8}") = "Images", "Images", "{B0D3E71B-E525-4F89-AFB8-85B33AD5CADA}"
	ProjectSection(SolutionItems) = preProject
		Images\Excel.png = Images\Excel.png
	EndProjectSection
EndProject
Project("{FAE04EC0-301F-11D3-BF4B-00C04F79EFBC}") = "dp", "src\dp\dp.csproj", "{42D8679A-E8D4-484E-BCB3-666173E0377E}"
EndProject
Project("{FAE04EC0-301F-11D3-BF4B-00C04F79EFBC}") = "dp.autofac", "src\dp.autofac\dp.autofac.csproj", "{C636B849-D0C8-457C-8DF3-533A695706A9}"
EndProject
Project("{FAE04EC0-301F-11D3-BF4B-00C04F79EFBC}") = "dp.test", "src\dp.test\dp.test.csproj", "{8CD47E45-65D6-44B9-875D-D685DA39426E}"
EndProject
Project("{FAE04EC0-301F-11D3-BF4B-00C04F79EFBC}") = "dp.cli", "src\dp.cli\dp.cli.csproj", "{46EF7721-96E4-4187-8471-7DAC4BA117B9}"
EndProject
Global
	GlobalSection(SolutionConfigurationPlatforms) = preSolution
		Debug|Any CPU = Debug|Any CPU
		Debug|x64 = Debug|x64
		Debug|x86 = Debug|x86
		Release|Any CPU = Release|Any CPU
		Release|x64 = Release|x64
		Release|x86 = Release|x86
	EndGlobalSection
	GlobalSection(ProjectConfigurationPlatforms) = postSolution
		{42D8679A-E8D4-484E-BCB3-666173E0377E}.Debug|Any CPU.ActiveCfg = Debug|Any CPU
		{42D8679A-E8D4-484E-BCB3-666173E0377E}.Debug|Any CPU.Build.0 = Debug|Any CPU
		{42D8679A-E8D4-484E-BCB3-666173E0377E}.Debug|x64.ActiveCfg = Debug|Any CPU
		{42D8679A-E8D4-484E-BCB3-666173E0377E}.Debug|x64.Build.0 = Debug|Any CPU
		{42D8679A-E8D4-484E-BCB3-666173E0377E}.Debug|x86.ActiveCfg = Debug|Any CPU
		{42D8679A-E8D4-484E-BCB3-666173E0377E}.Debug|x86.Build.0 = Debug|Any CPU
		{42D8679A-E8D4-484E-BCB3-666173E0377E}.Release|Any CPU.ActiveCfg = Release|Any CPU
		{42D8679A-E8D4-484E-BCB3-666173E0377E}.Release|Any CPU.Build.0 = Release|Any CPU
		{42D8679A-E8D4-484E-BCB3-666173E0377E}.Release|x64.ActiveCfg = Release|Any CPU
		{42D8679A-E8D4-484E-BCB3-666173E0377E}.Release|x64.Build.0 = Release|Any CPU
		{42D8679A-E8D4-484E-BCB3-666173E0377E}.Release|x86.ActiveCfg = Release|Any CPU
		{42D8679A-E8D4-484E-BCB3-666173E0377E}.Release|x86.Build.0 = Release|Any CPU
		{C636B849-D0C8-457C-8DF3-533A695706A9}.Debug|Any CPU.ActiveCfg = Debug|Any CPU
		{C636B849-D0C8-457C-8DF3-533A695706A9}.Debug|Any CPU.Build.0 = Debug|Any CPU
		{C636B849-D0C8-457C-8DF3-533A695706A9}.Debug|x64.ActiveCfg = Debug|Any CPU
		{C636B849-D0C8-457C-8DF3-533A695706A9}.Debug|x64.Build.0 = Debug|Any CPU
		{C636B849-D0C8-457C-8DF3-533A695706A9}.Debug|x86.ActiveCfg = Debug|Any CPU
		{C636B849-D0C8-457C-8DF3-533A695706A9}.Debug|x86.Build.0 = Debug|Any CPU
		{C636B849-D0C8-457C-8DF3-533A695706A9}.Release|Any CPU.ActiveCfg = Release|Any CPU
		{C636B849-D0C8-457C-8DF3-533A695706A9}.Release|Any CPU.Build.0 = Release|Any CPU
		{C636B849-D0C8-457C-8DF3-533A695706A9}.Release|x64.ActiveCfg = Release|Any CPU
		{C636B849-D0C8-457C-8DF3-533A695706A9}.Release|x64.Build.0 = Release|Any CPU
		{C636B849-D0C8-457C-8DF3-533A695706A9}.Release|x86.ActiveCfg = Release|Any CPU
		{C636B849-D0C8-457C-8DF3-533A695706A9}.Release|x86.Build.0 = Release|Any CPU
		{8CD47E45-65D6-44B9-875D-D685DA39426E}.Debug|Any CPU.ActiveCfg = Debug|Any CPU
		{8CD47E45-65D6-44B9-875D-D685DA39426E}.Debug|Any CPU.Build.0 = Debug|Any CPU
		{8CD47E45-65D6-44B9-875D-D685DA39426E}.Debug|x64.ActiveCfg = Debug|Any CPU
		{8CD47E45-65D6-44B9-875D-D685DA39426E}.Debug|x64.Build.0 = Debug|Any CPU
		{8CD47E45-65D6-44B9-875D-D685DA39426E}.Debug|x86.ActiveCfg = Debug|Any CPU
		{8CD47E45-65D6-44B9-875D-D685DA39426E}.Debug|x86.Build.0 = Debug|Any CPU
		{8CD47E45-65D6-44B9-875D-D685DA39426E}.Release|Any CPU.ActiveCfg = Release|Any CPU
		{8CD47E45-65D6-44B9-875D-D685DA39426E}.Release|Any CPU.Build.0 = Release|Any CPU
		{8CD47E45-65D6-44B9-875D-D685DA39426E}.Release|x64.ActiveCfg = Release|Any CPU
		{8CD47E45-65D6-44B9-875D-D685DA39426E}.Release|x64.Build.0 = Release|Any CPU
		{8CD47E45-65D6-44B9-875D-D685DA39426E}.Release|x86.ActiveCfg = Release|Any CPU
		{8CD47E45-65D6-44B9-875D-D685DA39426E}.Release|x86.Build.0 = Release|Any CPU
		{46EF7721-96E4-4187-8471-7DAC4BA117B9}.Debug|Any CPU.ActiveCfg = Debug|Any CPU
		{46EF7721-96E4-4187-8471-7DAC4BA117B9}.Debug|Any CPU.Build.0 = Debug|Any CPU
		{46EF7721-96E4-4187-8471-7DAC4BA117B9}.Debug|x64.ActiveCfg = Debug|Any CPU
		{46EF7721-96E4-4187-8471-7DAC4BA117B9}.Debug|x64.Build.0 = Debug|Any CPU
		{46EF7721-96E4-4187-8471-7DAC4BA117B9}.Debug|x86.ActiveCfg = Debug|Any CPU
		{46EF7721-96E4-4187-8471-7DAC4BA117B9}.Debug|x86.Build.0 = Debug|Any CPU
		{46EF7721-96E4-4187-8471-7DAC4BA117B9}.Release|Any CPU.ActiveCfg = Release|Any CPU
		{46EF7721-96E4-4187-8471-7DAC4BA117B9}.Release|Any CPU.Build.0 = Release|Any CPU
		{46EF7721-96E4-4187-8471-7DAC4BA117B9}.Release|x64.ActiveCfg = Release|Any CPU
		{46EF7721-96E4-4187-8471-7DAC4BA117B9}.Release|x64.Build.0 = Release|Any CPU
		{46EF7721-96E4-4187-8471-7DAC4BA117B9}.Release|x86.ActiveCfg = Release|Any CPU
		{46EF7721-96E4-4187-8471-7DAC4BA117B9}.Release|x86.Build.0 = Release|Any CPU
	EndGlobalSection
	GlobalSection(SolutionProperties) = preSolution
		HideSolutionNode = FALSE
	EndGlobalSection
	GlobalSection(NestedProjects) = preSolution
		{B0D3E71B-E525-4F89-AFB8-85B33AD5CADA} = {9C3424D7-2019-4FDB-8FBE-301D65383F4E}
	EndGlobalSection
	GlobalSection(ExtensibilityGlobals) = postSolution
		SolutionGuid = {D3BF4896-8DD4-4C97-B534-447B4B2F2B2B}
	EndGlobalSection
EndGlobal
